{
  "name": "opj",
  "version": "1.0.0",
  "lockfileVersion": 1,
  "requires": true,
  "dependencies": {
    "debug": {
      "version": "4.1.1",
      "resolved": "https://registry.npmjs.org/debug/-/debug-4.1.1.tgz",
      "integrity": "sha512-pYAIzeRo8J6KPEaJ0VWOh5Pzkbw/RetuzehGM7QRRX5he4fPHx2rdKMB256ehJCkX+XRQm16eZLqLNS8RSZXZw==",
      "requires": {
        "ms": "^2.1.1"
      }
    },
    "ms": {
      "version": "2.1.1",
      "resolved": "https://registry.npmjs.org/ms/-/ms-2.1.1.tgz",
      "integrity": "sha512-tgp+dl5cGk28utYktBsrFqA7HKgrhgPsg6Z/EfhWI4gl1Hwq8B/GmY/0oXZ6nF8hDVesS/FpnYaD/kOWhYQvyg=="
    },
    "observe": {
      "version": "1.4.1",
      "resolved": "https://registry.npmjs.org/observe/-/observe-1.4.1.tgz",
      "integrity": "sha1-mDm5xQdvWlHntkYZfUdwrSBm5v4=",
      "requires": {
        "proto": "*"
      },
      "dependencies": {
        "proto": {
          "version": "1.0.11",
          "resolved": "https://registry.npmjs.org/proto/-/proto-1.0.11.tgz",
          "integrity": "sha1-u+67l5l1Fva2Ae31EVLK7G/QHIM="
        }
      }
    },
    "on-change": {
      "version": "1.0.0",
      "resolved": "https://registry.npmjs.org/on-change/-/on-change-1.0.0.tgz",
      "integrity": "sha512-RTMayeLraQr8N+7SNEbuMuYYUnwJ+Myp22gs0CjEvC25S2CEeevTWmTMMREIQMa1Pz5Zh/Jsorh/98ZfQidCyw=="
    }
  }
}
